// !$*UTF8*$!
{
	archiveVersion = 1;
	classes = {
	};
	objectVersion = 46;
	objects = {

/* Begin PBXBuildFile section */
		4B47097F1CC4BE3900C43947 /* AppDelegate.swift in Sources */ = {isa = PBXBuildFile; fileRef = 4B47097E1CC4BE3900C43947 /* AppDelegate.swift */; };
		4B4709811CC4BE3900C43947 /* ViewController.swift in Sources */ = {isa = PBXBuildFile; fileRef = 4B4709801CC4BE3900C43947 /* ViewController.swift */; };
		4B4709841CC4BE3A00C43947 /* Main.storyboard in Resources */ = {isa = PBXBuildFile; fileRef = 4B4709821CC4BE3A00C43947 /* Main.storyboard */; };
		4B4709861CC4BE3A00C43947 /* Assets.xcassets in Resources */ = {isa = PBXBuildFile; fileRef = 4B4709851CC4BE3A00C43947 /* Assets.xcassets */; };
		4B4709891CC4BE3A00C43947 /* LaunchScreen.storyboard in Resources */ = {isa = PBXBuildFile; fileRef = 4B4709871CC4BE3A00C43947 /* LaunchScreen.storyboard */; };
		4B4709941CC4BE3A00C43947 /* MusicPlayerTests.swift in Sources */ = {isa = PBXBuildFile; fileRef = 4B4709931CC4BE3A00C43947 /* MusicPlayerTests.swift */; };
		4B47099F1CC4BE3A00C43947 /* MusicPlayerUITests.swift in Sources */ = {isa = PBXBuildFile; fileRef = 4B47099E1CC4BE3A00C43947 /* MusicPlayerUITests.swift */; };
		4B4709AD1CC4C2CD00C43947 /* Dhushta.mp3 in Resources */ = {isa = PBXBuildFile; fileRef = 4B4709AC1CC4C2CD00C43947 /* Dhushta.mp3 */; };
		4B4709AF1CC4EFA200C43947 /* AVFoundation.framework in Frameworks */ = {isa = PBXBuildFile; fileRef = 4B4709AE1CC4EFA200C43947 /* AVFoundation.framework */; };
/* End PBXBuildFile section */

/* Begin PBXContainerItemProxy section */
		4B4709901CC4BE3A00C43947 /* PBXContainerItemProxy */ = {
			isa = PBXContainerItemProxy;
			containerPortal = 4B4709731CC4BE3900C43947 /* Project object */;
			proxyType = 1;
			remoteGlobalIDString = 4B47097A1CC4BE3900C43947;
			remoteInfo = MusicPlayer;
		};
		4B47099B1CC4BE3A00C43947 /* PBXContainerItemProxy */ = {
			isa = PBXContainerItemProxy;
			containerPortal = 4B4709731CC4BE3900C43947 /* Project object */;
			proxyType = 1;
			remoteGlobalIDString = 4B47097A1CC4BE3900C43947;
			remoteInfo = MusicPlayer;
		};
/* End PBXContainerItemProxy section */

/* Begin PBXFileReference section */
		4B47097B1CC4BE3900C43947 /* MusicPlayer.app */ = {isa = PBXFileReference; explicitFileType = wrapper.application; includeInIndex = 0; path = MusicPlayer.app; sourceTree = BUILT_PRODUCTS_DIR; };
		4B47097E1CC4BE3900C43947 /* AppDelegate.swift */ = {isa = PBXFileReference; lastKnownFileType = sourcecode.swift; path = AppDelegate.swift; sourceTree = "<group>"; };
		4B4709801CC4BE3900C43947 /* ViewController.swift */ = {isa = PBXFileReference; lastKnownFileType = sourcecode.swift; path = ViewController.swift; sourceTree = "<group>"; };
		4B4709831CC4BE3A00C43947 /* Base */ = {isa = PBXFileReference; lastKnownFileType = file.storyboard; name = Base; path = Base.lproj/Main.storyboard; sourceTree = "<group>"; };
		4B4709851CC4BE3A00C43947 /* Assets.xcassets */ = {isa = PBXFileReference; lastKnownFileType = folder.assetcatalog; path = Assets.xcassets; sourceTree = "<group>"; };
		4B4709881CC4BE3A00C43947 /* Base */ = {isa = PBXFileReference; lastKnownFileType = file.storyboard; name = Base; path = Base.lproj/LaunchScreen.storyboard; sourceTree = "<group>"; };
		4B47098A1CC4BE3A00C43947 /* Info.plist */ = {isa = PBXFileReference; lastKnownFileType = text.plist.xml; path = Info.plist; sourceTree = "<group>"; };
		4B47098F1CC4BE3A00C43947 /* MusicPlayerTests.xctest */ = {isa = PBXFileReference; explicitFileType = wrapper.cfbundle; includeInIndex = 0; path = MusicPlayerTests.xctest; sourceTree = BUILT_PRODUCTS_DIR; };
		4B4709931CC4BE3A00C43947 /* MusicPlayerTests.swift */ = {isa = PBXFileReference; lastKnownFileType = sourcecode.swift; path = MusicPlayerTests.swift; sourceTree = "<group>"; };
		4B4709951CC4BE3A00C43947 /* Info.plist */ = {isa = PBXFileReference; lastKnownFileType = text.plist.xml; path = Info.plist; sourceTree = "<group>"; };
		4B47099A1CC4BE3A00C43947 /* MusicPlayerUITests.xctest */ = {isa = PBXFileReference; explicitFileType = wrapper.cfbundle; includeInIndex = 0; path = MusicPlayerUITests.xctest; sourceTree = BUILT_PRODUCTS_DIR; };
		4B47099E1CC4BE3A00C43947 /* MusicPlayerUITests.swift */ = {isa = PBXFileReference; lastKnownFileType = sourcecode.swift; path = MusicPlayerUITests.swift; sourceTree = "<group>"; };
		4B4709A01CC4BE3A00C43947 /* Info.plist */ = {isa = PBXFileReference; lastKnownFileType = text.plist.xml; path = Info.plist; sourceTree = "<group>"; };
		4B4709AC1CC4C2CD00C43947 /* Dhushta.mp3 */ = {isa = PBXFileReference; lastKnownFileType = audio.mp3; path = Dhushta.mp3; sourceTree = "<group>"; };
		4B4709AE1CC4EFA200C43947 /* AVFoundation.framework */ = {isa = PBXFileReference; lastKnownFileType = wrapper.framework; name = AVFoundation.framework; path = System/Library/Frameworks/AVFoundation.framework; sourceTree = SDKROOT; };
/* End PBXFileReference section */

/* Begin PBXFrameworksBuildPhase section */
		4B4709781CC4BE3900C43947 /* Frameworks */ = {
			isa = PBXFrameworksBuildPhase;
			buildActionMask = 2147483647;
			files = (
				4B4709AF1CC4EFA200C43947 /* AVFoundation.framework in Frameworks */,
			);
			runOnlyForDeploymentPostprocessing = 0;
		};
		4B47098C1CC4BE3A00C43947 /* Frameworks */ = {
			isa = PBXFrameworksBuildPhase;
			buildActionMask = 2147483647;
			files = (
			);
			runOnlyForDeploymentPostprocessing = 0;
		};
		4B4709971CC4BE3A00C43947 /* Frameworks */ = {
			isa = PBXFrameworksBuildPhase;
			buildActionMask = 2147483647;
			files = (
			);
			runOnlyForDeploymentPostprocessing = 0;
		};
/* End PBXFrameworksBuildPhase section */

/* Begin PBXGroup section */
		4B4709721CC4BE3900C43947 = {
			isa = PBXGroup;
			children = (
				4B4709AE1CC4EFA200C43947 /* AVFoundation.framework */,
				4B47097D1CC4BE3900C43947 /* MusicPlayer */,
				4B4709921CC4BE3A00C43947 /* MusicPlayerTests */,
				4B47099D1CC4BE3A00C43947 /* MusicPlayerUITests */,
				4B47097C1CC4BE3900C43947 /* Products */,
			);
			sourceTree = "<group>";
		};
		4B47097C1CC4BE3900C43947 /* Products */ = {
			isa = PBXGroup;
			children = (
				4B47097B1CC4BE3900C43947 /* MusicPlayer.app */,
				4B47098F1CC4BE3A00C43947 /* MusicPlayerTests.xctest */,
				4B47099A1CC4BE3A00C43947 /* MusicPlayerUITests.xctest */,
			);
			name = Products;
			sourceTree = "<group>";
		};
		4B47097D1CC4BE3900C43947 /* MusicPlayer */ = {
			isa = PBXGroup;
			children = (
				4B4709AC1CC4C2CD00C43947 /* Dhushta.mp3 */,
				4B47097E1CC4BE3900C43947 /* AppDelegate.swift */,
				4B4709801CC4BE3900C43947 /* ViewController.swift */,
				4B4709821CC4BE3A00C43947 /* Main.storyboard */,
				4B4709851CC4BE3A00C43947 /* Assets.xcassets */,
				4B4709871CC4BE3A00C43947 /* LaunchScreen.storyboard */,
				4B47098A1CC4BE3A00C43947 /* Info.plist */,
			);
			path = MusicPlayer;
			sourceTree = "<group>";
		};
		4B4709921CC4BE3A00C43947 /* MusicPlayerTests */ = {
			isa = PBXGroup;
			children = (
				4B4709931CC4BE3A00C43947 /* MusicPlayerTests.swift */,
				4B4709951CC4BE3A00C43947 /* Info.plist */,
			);
			path = MusicPlayerTests;
			sourceTree = "<group>";
		};
		4B47099D1CC4BE3A00C43947 /* MusicPlayerUITests */ = {
			isa = PBXGroup;
			children = (
				4B47099E1CC4BE3A00C43947 /* MusicPlayerUITests.swift */,
				4B4709A01CC4BE3A00C43947 /* Info.plist */,
			);
			path = MusicPlayerUITests;
			sourceTree = "<group>";
		};
/* End PBXGroup section */

/* Begin PBXNativeTarget section */
		4B47097A1CC4BE3900C43947 /* MusicPlayer */ = {
			isa = PBXNativeTarget;
			buildConfigurationList = 4B4709A31CC4BE3A00C43947 /* Build configuration list for PBXNativeTarget "MusicPlayer" */;
			buildPhases = (
				4B4709771CC4BE3900C43947 /* Sources */,
				4B4709781CC4BE3900C43947 /* Frameworks */,
				4B4709791CC4BE3900C43947 /* Resources */,
			);
			buildRules = (
			);
			dependencies = (
			);
			name = MusicPlayer;
			productName = MusicPlayer;
			productReference = 4B47097B1CC4BE3900C43947 /* MusicPlayer.app */;
			productType = "com.apple.product-type.application";
		};
		4B47098E1CC4BE3A00C43947 /* MusicPlayerTests */ = {
			isa = PBXNativeTarget;
			buildConfigurationList = 4B4709A61CC4BE3A00C43947 /* Build configuration list for PBXNativeTarget "MusicPlayerTests" */;
			buildPhases = (
				4B47098B1CC4BE3A00C43947 /* Sources */,
				4B47098C1CC4BE3A00C43947 /* Frameworks */,
				4B47098D1CC4BE3A00C43947 /* Resources */,
			);
			buildRules = (
			);
			dependencies = (
				4B4709911CC4BE3A00C43947 /* PBXTargetDependency */,
			);
			name = MusicPlayerTests;
			productName = MusicPlayerTests;
			productReference = 4B47098F1CC4BE3A00C43947 /* MusicPlayerTests.xctest */;
			productType = "com.apple.product-type.bundle.unit-test";
		};
		4B4709991CC4BE3A00C43947 /* MusicPlayerUITests */ = {
			isa = PBXNativeTarget;
			buildConfigurationList = 4B4709A91CC4BE3A00C43947 /* Build configuration list for PBXNativeTarget "MusicPlayerUITests" */;
			buildPhases = (
				4B4709961CC4BE3A00C43947 /* Sources */,
				4B4709971CC4BE3A00C43947 /* Frameworks */,
				4B4709981CC4BE3A00C43947 /* Resources */,
			);
			buildRules = (
			);
			dependencies = (
				4B47099C1CC4BE3A00C43947 /* PBXTargetDependency */,
			);
			name = MusicPlayerUITests;
			productName = MusicPlayerUITests;
			productReference = 4B47099A1CC4BE3A00C43947 /* MusicPlayerUITests.xctest */;
			productType = "com.apple.product-type.bundle.ui-testing";
		};
/* End PBXNativeTarget section */

/* Begin PBXProject section */
		4B4709731CC4BE3900C43947 /* Project object */ = {
			isa = PBXProject;
			attributes = {
				LastSwiftUpdateCheck = 0720;
				LastUpgradeCheck = 0720;
				ORGANIZATIONNAME = sridama;
				TargetAttributes = {
					4B47097A1CC4BE3900C43947 = {
						CreatedOnToolsVersion = 7.2.1;
						DevelopmentTeam = KK9M26HDPV;
					};
					4B47098E1CC4BE3A00C43947 = {
						CreatedOnToolsVersion = 7.2.1;
						TestTargetID = 4B47097A1CC4BE3900C43947;
					};
					4B4709991CC4BE3A00C43947 = {
						CreatedOnToolsVersion = 7.2.1;
						TestTargetID = 4B47097A1CC4BE3900C43947;
					};
				};
			};
			buildConfigurationList = 4B4709761CC4BE3900C43947 /* Build configuration list for PBXProject "MusicPlayer" */;
			compatibilityVersion = "Xcode 3.2";
			developmentRegion = English;
			hasScannedForEncodings = 0;
			knownRegions = (
				en,
				Base,
			);
			mainGroup = 4B4709721CC4BE3900C43947;
			productRefGroup = 4B47097C1CC4BE3900C43947 /* Products */;
			projectDirPath = "";
			projectRoot = "";
			targets = (
				4B47097A1CC4BE3900C43947 /* MusicPlayer */,
				4B47098E1CC4BE3A00C43947 /* MusicPlayerTests */,
				4B4709991CC4BE3A00C43947 /* MusicPlayerUITests */,
			);
		};
/* End PBXProject section */

/* Begin PBXResourcesBuildPhase section */
		4B4709791CC4BE3900C43947 /* Resources */ = {
			isa = PBXResourcesBuildPhase;
			buildActionMask = 2147483647;
			files = (
				4B4709AD1CC4C2CD00C43947 /* Dhushta.mp3 in Resources */,
				4B4709891CC4BE3A00C43947 /* LaunchScreen.storyboard in Resources */,
				4B4709861CC4BE3A00C43947 /* Assets.xcassets in Resources */,
				4B4709841CC4BE3A00C43947 /* Main.storyboard in Resources */,
			);
			runOnlyForDeploymentPostprocessing = 0;
		};
		4B47098D1CC4BE3A00C43947 /* Resources */ = {
			isa = PBXResourcesBuildPhase;
			buildActionMask = 2147483647;
			files = (
			);
			runOnlyForDeploymentPostprocessing = 0;
		};
		4B4709981CC4BE3A00C43947 /* Resources */ = {
			isa = PBXResourcesBuildPhase;
			buildActionMask = 2147483647;
			files = (
			);
			runOnlyForDeploymentPostprocessing = 0;
		};
/* End PBXResourcesBuildPhase section */

/* Begin PBXSourcesBuildPhase section */
		4B4709771CC4BE3900C43947 /* Sources */ = {
			isa = PBXSourcesBuildPhase;
			buildActionMask = 2147483647;
			files = (
				4B4709811CC4BE3900C43947 /* ViewController.swift in Sources */,
				4B47097F1CC4BE3900C43947 /* AppDelegate.swift in Sources */,
			);
			runOnlyForDeploymentPostprocessing = 0;
		};
		4B47098B1CC4BE3A00C43947 /* Sources */ = {
			isa = PBXSourcesBuildPhase;
			buildActionMask = 2147483647;
			files = (
				4B4709941CC4BE3A00C43947 /* MusicPlayerTests.swift in Sources */,
			);
			runOnlyForDeploymentPostprocessing = 0;
		};
		4B4709961CC4BE3A00C43947 /* Sources */ = {
			isa = PBXSourcesBuildPhase;
			buildActionMask = 2147483647;
			files = (
				4B47099F1CC4BE3A00C43947 /* MusicPlayerUITests.swift in Sources */,
			);
			runOnlyForDeploymentPostprocessing = 0;
		};
/* End PBXSourcesBuildPhase section */

/* Begin PBXTargetDependency section */
		4B4709911CC4BE3A00C43947 /* PBXTargetDependency */ = {
			isa = PBXTargetDependency;
			target = 4B47097A1CC4BE3900C43947 /* MusicPlayer */;
			targetProxy = 4B4709901CC4BE3A00C43947 /* PBXContainerItemProxy */;
		};
		4B47099C1CC4BE3A00C43947 /* PBXTargetDependency */ = {
			isa = PBXTargetDependency;
			target = 4B47097A1CC4BE3900C43947 /* MusicPlayer */;
			targetProxy = 4B47099B1CC4BE3A00C43947 /* PBXContainerItemProxy */;
		};
/* End PBXTargetDependency section */

/* Begin PBXVariantGroup section */
		4B4709821CC4BE3A00C43947 /* Main.storyboard */ = {
			isa = PBXVariantGroup;
			children = (
				4B4709831CC4BE3A00C43947 /* Base */,
			);
			name = Main.storyboard;
			sourceTree = "<group>";
		};
		4B4709871CC4BE3A00C43947 /* LaunchScreen.storyboard */ = {
			isa = PBXVariantGroup;
			children = (
				4B4709881CC4BE3A00C43947 /* Base */,
			);
			name = LaunchScreen.storyboard;
			sourceTree = "<group>";
		};
/* End PBXVariantGroup section */

/* Begin XCBuildConfiguration section */
		4B4709A11CC4BE3A00C43947 /* Debug */ = {
			isa = XCBuildConfiguration;
			buildSettings = {
				ALWAYS_SEARCH_USER_PATHS = NO;
				CLANG_CXX_LANGUAGE_STANDARD = "gnu++0x";
				CLANG_CXX_LIBRARY = "libc++";
				CLANG_ENABLE_MODULES = YES;
				CLANG_ENABLE_OBJC_ARC = YES;
				CLANG_WARN_BOOL_CONVERSION = YES;
				CLANG_WARN_CONSTANT_CONVERSION = YES;
				CLANG_WARN_DIRECT_OBJC_ISA_USAGE = YES_ERROR;
				CLANG_WARN_EMPTY_BODY = YES;
				CLANG_WARN_ENUM_CONVERSION = YES;
				CLANG_WARN_INT_CONVERSION = YES;
				CLANG_WARN_OBJC_ROOT_CLASS = YES_ERROR;
				CLANG_WARN_UNREACHABLE_CODE = YES;
				CLANG_WARN__DUPLICATE_METHOD_MATCH = YES;
				"CODE_SIGN_IDENTITY[sdk=iphoneos*]" = "iPhone Developer";
				COPY_PHASE_STRIP = NO;
				DEBUG_INFORMATION_FORMAT = dwarf;
				ENABLE_STRICT_OBJC_MSGSEND = YES;
				ENABLE_TESTABILITY = YES;
				GCC_C_LANGUAGE_STANDARD = gnu99;
				GCC_DYNAMIC_NO_PIC = NO;
				GCC_NO_COMMON_BLOCKS = YES;
				GCC_OPTIMIZATION_LEVEL = 0;
				GCC_PREPROCESSOR_DEFINITIONS = (
					"DEBUG=1",
					"$(inherited)",
				);
				GCC_WARN_64_TO_32_BIT_CONVERSION = YES;
				GCC_WARN_ABOUT_RETURN_TYPE = YES_ERROR;
				GCC_WARN_UNDECLARED_SELECTOR = YES;
				GCC_WARN_UNINITIALIZED_AUTOS = YES_AGGRESSIVE;
				GCC_WARN_UNUSED_FUNCTION = YES;
				GCC_WARN_UNUSED_VARIABLE = YES;
				IPHONEOS_DEPLOYMENT_TARGET = 9.2;
				MTL_ENABLE_DEBUG_INFO = YES;
				ONLY_ACTIVE_ARCH = YES;
				SDKROOT = iphoneos;
				SWIFT_OPTIMIZATION_LEVEL = "-Onone";
				TARGETED_DEVICE_FAMILY = "1,2";
			};
			name = Debug;
		};
		4B4709A21CC4BE3A00C43947 /* Release */ = {
			isa = XCBuildConfiguration;
			buildSettings = {
				ALWAYS_SEARCH_USER_PATHS = NO;
				CLANG_CXX_LANGUAGE_STANDARD = "gnu++0x";
				CLANG_CXX_LIBRARY = "libc++";
				CLANG_ENABLE_MODULES = YES;
				CLANG_ENABLE_OBJC_ARC = YES;
				CLANG_WARN_BOOL_CONVERSION = YES;
				CLANG_WARN_CONSTANT_CONVERSION = YES;
				CLANG_WARN_DIRECT_OBJC_ISA_USAGE = YES_ERROR;
				CLANG_WARN_EMPTY_BODY = YES;
				CLANG_WARN_ENUM_CONVERSION = YES;
				CLANG_WARN_INT_CONVERSION = YES;
				CLANG_WARN_OBJC_ROOT_CLASS = YES_ERROR;
				CLANG_WARN_UNREACHABLE_CODE = YES;
				CLANG_WARN__DUPLICATE_METHOD_MATCH = YES;
				"CODE_SIGN_IDENTITY[sdk=iphoneos*]" = "iPhone Developer";
				COPY_PHASE_STRIP = NO;
				DEBUG_INFORMATION_FORMAT = "dwarf-with-dsym";
				ENABLE_NS_ASSERTIONS = NO;
				ENABLE_STRICT_OBJC_MSGSEND = YES;
				GCC_C_LANGUAGE_STANDARD = gnu99;
				GCC_NO_COMMON_BLOCKS = YES;
				GCC_WARN_64_TO_32_BIT_CONVERSION = YES;
				GCC_WARN_ABOUT_RETURN_TYPE = YES_ERROR;
				GCC_WARN_UNDECLARED_SELECTOR = YES;
				GCC_WARN_UNINITIALIZED_AUTOS = YES_AGGRESSIVE;
				GCC_WARN_UNUSED_FUNCTION = YES;
				GCC_WARN_UNUSED_VARIABLE = YES;
				IPHONEOS_DEPLOYMENT_TARGET = 9.2;
				MTL_ENABLE_DEBUG_INFO = NO;
				SDKROOT = iphoneos;
				TARGETED_DEVICE_FAMILY = "1,2";
				VALIDATE_PRODUCT = YES;
			};
			name = Release;
		};
		4B4709A41CC4BE3A00C43947 /* Debug */ = {
			isa = XCBuildConfiguration;
			buildSettings = {
				ASSETCATALOG_COMPILER_APPICON_NAME = AppIcon;
				CODE_SIGN_IDENTITY = "iPhone Developer";
				"CODE_SIGN_IDENTITY[sdk=iphoneos*]" = "iPhone Developer";
				FRAMEWORK_SEARCH_PATHS = (
					"$(inherited)",
					"$(PROJECT_DIR)/MusicPlayer",
				);
				INFOPLIST_FILE = MusicPlayer/Info.plist;
				LD_RUNPATH_SEARCH_PATHS = "$(inherited) @executable_path/Frameworks";
				PRODUCT_BUNDLE_IDENTIFIER = sridama.MusicPlayer;
				PRODUCT_NAME = "$(TARGET_NAME)";
				PROVISIONING_PROFILE = "";
				SWIFT_OBJC_BRIDGING_HEADER = "";
			};
			name = Debug;
		};
		4B4709A51CC4BE3A00C43947 /* Release */ = {
			isa = XCBuildConfiguration;
			buildSettings = {
				ASSETCATALOG_COMPILER_APPICON_NAME = AppIcon;
				CODE_SIGN_IDENTITY = "iPhone Developer";
				"CODE_SIGN_IDENTITY[sdk=iphoneos*]" = "iPhone Developer";
				FRAMEWORK_SEARCH_PATHS = (
					"$(inherited)",
					"$(PROJECT_DIR)/MusicPlayer",
				);
				INFOPLIST_FILE = MusicPlayer/Info.plist;
				LD_RUNPATH_SEARCH_PATHS = "$(inherited) @executable_path/Frameworks";
				PRODUCT_BUNDLE_IDENTIFIER = sridama.MusicPlayer;
				PRODUCT_NAME = "$(TARGET_NAME)";
				PROVISIONING_PROFILE = "";
				SWIFT_OBJC_BRIDGING_HEADER = "";
			};
			name = Release;
		};
		4B4709A71CC4BE3A00C43947 /* Debug */ = {
			isa = XCBuildConfiguration;
			buildSettings = {
				BUNDLE_LOADER = "$(TEST_HOST)";
				INFOPLIST_FILE = MusicPlayerTests/Info.plist;
				LD_RUNPATH_SEARCH_PATHS = "$(inherited) @executable_path/Frameworks @loader_path/Frameworks";
				PRODUCT_BUNDLE_IDENTIFIER = sridama.MusicPlayerTests;
				PRODUCT_NAME = "$(TARGET_NAME)";
				TEST_HOST = "$(BUILT_PRODUCTS_DIR)/MusicPlayer.app/MusicPlayer";
			};
			name = Debug;
		};
		4B4709A81CC4BE3A00C43947 /* Release */ = {
			isa = XCBuildConfiguration;
			buildSettings = {
				BUNDLE_LOADER = "$(TEST_HOST)";
				INFOPLIST_FILE = MusicPlayerTests/Info.plist;
				LD_RUNPATH_SEARCH_PATHS = "$(inherited) @executable_path/Frameworks @loader_path/Frameworks";
				PRODUCT_BUNDLE_IDENTIFIER = sridama.MusicPlayerTests;
				PRODUCT_NAME = "$(TARGET_NAME)";
				TEST_HOST = "$(BUILT_PRODUCTS_DIR)/MusicPlayer.app/MusicPlayer";
			};
			name = Release;
		};
		4B4709AA1CC4BE3A00C43947 /* Debug */ = {
			isa = XCBuildConfiguration;
			buildSettings = {
				INFOPLIST_FILE = MusicPlayerUITests/Info.plist;
				LD_RUNPATH_SEARCH_PATHS = "$(inherited) @executable_path/Frameworks @loader_path/Frameworks";
				PRODUCT_BUNDLE_IDENTIFIER = sridama.MusicPlayerUITests;
				PRODUCT_NAME = "$(TARGET_NAME)";
				TEST_TARGET_NAME = MusicPlayer;
				USES_XCTRUNNER = YES;
			};
			name = Debug;
		};
		4B4709AB1CC4BE3A00C43947 /* Release */ = {
			isa = XCBuildConfiguration;
			buildSettings = {
				INFOPLIST_FILE = MusicPlayerUITests/Info.plist;
				LD_RUNPATH_SEARCH_PATHS = "$(inherited) @executable_path/Frameworks @loader_path/Frameworks";
				PRODUCT_BUNDLE_IDENTIFIER = sridama.MusicPlayerUITests;
				PRODUCT_NAME = "$(TARGET_NAME)";
				TEST_TARGET_NAME = MusicPlayer;
				USES_XCTRUNNER = YES;
			};
			name = Release;
		};
/* End XCBuildConfiguration section */

/* Begin XCConfigurationList section */
		4B4709761CC4BE3900C43947 /* Build configuration list for PBXProject "MusicPlayer" */ = {
			isa = XCConfigurationList;
			buildConfigurations = (
				4B4709A11CC4BE3A00C43947 /* Debug */,
				4B4709A21CC4BE3A00C43947 /* Release */,
			);
			defaultConfigurationIsVisible = 0;
			defaultConfigurationName = Release;
		};
		4B4709A31CC4BE3A00C43947 /* Build configuration list for PBXNativeTarget "MusicPlayer" */ = {
			isa = XCConfigurationList;
			buildConfigurations = (
				4B4709A41CC4BE3A00C43947 /* Debug */,
				4B4709A51CC4BE3A00C43947 /* Release */,
			);
			defaultConfigurationIsVisible = 0;
			defaultConfigurationName = Release;
		};
		4B4709A61CC4BE3A00C43947 /* Build configuration list for PBXNativeTarget "MusicPlayerTests" */ = {
			isa = XCConfigurationList;
			buildConfigurations = (
				4B4709A71CC4BE3A00C43947 /* Debug */,
				4B4709A81CC4BE3A00C43947 /* Release */,
			);
			defaultConfigurationIsVisible = 0;
			defaultConfigurationName = Release;
		};
		4B4709A91CC4BE3A00C43947 /* Build configuration list for PBXNativeTarget "MusicPlayerUITests" */ = {
			isa = XCConfigurationList;
			buildConfigurations = (
				4B4709AA1CC4BE3A00C43947 /* Debug */,
				4B4709AB1CC4BE3A00C43947 /* Release */,
			);
			defaultConfigurationIsVisible = 0;
			defaultConfigurationName = Release;
		};
/* End XCConfigurationList section */
	};
	rootObject = 4B4709731CC4BE3900C43947 /* Project object */;
}
